{
  "name": "webpack-demo",
  "version": "0.1.0",
  "lockfileVersion": 1,
  "dependencies": {
    "ajv": {
      "version": "5.5.1",
      "resolved": "http://registry.npm.taobao.org/ajv/download/ajv-5.5.1.tgz",
      "integrity": "sha1-s4u4h22ehr7plJVqBOch6IskjrI=",
      "dev": true
    },
    "big.js": {
      "version": "3.2.0",
      "resolved": "http://registry.npm.taobao.org/big.js/download/big.js-3.2.0.tgz",
      "integrity": "sha1-pfwpi4G54Nyi5FiCR4S2XFK6WI4=",
      "dev": true
    },
    "co": {
      "version": "4.6.0",
      "resolved": "http://registry.npm.taobao.org/co/download/co-4.6.0.tgz",
      "integrity": "sha1-bqa989hTrlTMuOR7+gvz+QMfsYQ=",
      "dev": true
    },
    "emojis-list": {
      "version": "2.1.0",
      "resolved": "http://registry.npm.taobao.org/emojis-list/download/emojis-list-2.1.0.tgz",
      "integrity": "sha1-TapNnbAPmBmIDHn6RXrlsJof04k=",
      "dev": true
    },
    "fast-deep-equal": {
      "version": "1.0.0",
      "resolved": "http://registry.npm.taobao.org/fast-deep-equal/download/fast-deep-equal-1.0.0.tgz",
      "integrity": "sha1-liVqO8l1WV6zbYLpkp0GDYk0Of8=",
      "dev": true
    },
    "fast-json-stable-stringify": {
      "version": "2.0.0",
      "resolved": "http://registry.npm.taobao.org/fast-json-stable-stringify/download/fast-json-stable-stringify-2.0.0.tgz",
      "integrity": "sha1-1RQsDK7msRifh9OnYREGT4bIu/I=",
      "dev": true
    },
    "json-schema-traverse": {
      "version": "0.3.1",
      "resolved": "http://registry.npm.taobao.org/json-schema-traverse/download/json-schema-traverse-0.3.1.tgz",
      "integrity": "sha1-NJptRMU6Ud6JtAgFxdXlm0F9M0A=",
      "dev": true
    },
    "json5": {
      "version": "0.5.1",
      "resolved": "http://registry.npm.taobao.org/json5/download/json5-0.5.1.tgz",
      "integrity": "sha1-Hq3nrMASA0rYTiOWdn6tn6VJWCE=",
      "dev": true
    },
    "loader-utils": {
      "version": "1.1.0",
      "resolved": "http://registry.npm.taobao.org/loader-utils/download/loader-utils-1.1.0.tgz",
      "integrity": "sha1-yYrvSIvM7aL/teLeZG1qdUQp9c0=",
      "dev": true
    },
    "normalize.css": {
      "version": "7.0.0",
      "resolved": "http://registry.npm.taobao.org/normalize.css/download/normalize.css-7.0.0.tgz",
      "integrity": "sha1-q/sd2CRwZ04DIrU86xqvQSk45L8="
    },
    "reset.css": {
      "version": "2.0.2",
      "resolved": "http://registry.npm.taobao.org/reset.css/download/reset.css-2.0.2.tgz",
      "integrity": "sha1-nAEwnIILcujyGevMjhQRlJYE99c="
    },
    "schema-utils": {
      "version": "0.3.0",
      "resolved": "http://registry.npm.taobao.org/schema-utils/download/schema-utils-0.3.0.tgz",
      "integrity": "sha1-9YdyIs4+kx7a4DnxfrNxbnE3+M8=",
      "dev": true
    },
    "style-loader": {
      "version": "0.19.0",
      "resolved": "http://registry.npm.taobao.org/style-loader/download/style-loader-0.19.0.tgz",
      "integrity": "sha1-cljniPD+5qQtcQ6vfWwkEqTFB1k=",
      "dev": true
    }
  }
}
